
Microsoft Visual Studio Solution File, Format Version 12.00
# Visual Studio Version 16
VisualStudioVersion = 16.0.30709.132
MinimumVisualStudioVersion = 10.0.40219.1
Project("{9A19103F-16F7-4668-BE54-9A1E7A4F7556}") = "DE_OPDRACHT", "DE_OPDRACHT.csproj", "{D4D863D6-7ED3-4F22-9A89-8E2AFF8C7474}"
EndProject
Project("{FAE04EC0-301F-11D3-BF4B-00C04F79EFBC}") = "test", "..\test\test.csproj", "{B721A570-75B7-4276-9F73-546F2A8B2E03}"
EndProject
Global
	GlobalSection(SolutionConfigurationPlatforms) = preSolution
		Debug|Any CPU = Debug|Any CPU
		Release|Any CPU = Release|Any CPU
	EndGlobalSection
	GlobalSection(ProjectConfigurationPlatforms) = postSolution
		{D4D863D6-7ED3-4F22-9A89-8E2AFF8C7474}.Debug|Any CPU.ActiveCfg = Debug|Any CPU
		{D4D863D6-7ED3-4F22-9A89-8E2AFF8C7474}.Debug|Any CPU.Build.0 = Debug|Any CPU
		{D4D863D6-7ED3-4F22-9A89-8E2AFF8C7474}.Release|Any CPU.ActiveCfg = Release|Any CPU
		{D4D863D6-7ED3-4F22-9A89-8E2AFF8C7474}.Release|Any CPU.Build.0 = Release|Any CPU
		{B721A570-75B7-4276-9F73-546F2A8B2E03}.Debug|Any CPU.ActiveCfg = Debug|Any CPU
		{B721A570-75B7-4276-9F73-546F2A8B2E03}.Debug|Any CPU.Build.0 = Debug|Any CPU
		{B721A570-75B7-4276-9F73-546F2A8B2E03}.Release|Any CPU.ActiveCfg = Release|Any CPU
		{B721A570-75B7-4276-9F73-546F2A8B2E03}.Release|Any CPU.Build.0 = Release|Any CPU
	EndGlobalSection
	GlobalSection(SolutionProperties) = preSolution
		HideSolutionNode = FALSE
	EndGlobalSection
	GlobalSection(ExtensibilityGlobals) = postSolution
		SolutionGuid = {9FC58C87-10C7-45A4-8AAC-5D50AF3186E0}
	EndGlobalSection
EndGlobal
